# THIS IS AN AUTOGENERATED FILE. DO NOT EDIT THIS FILE DIRECTLY.
# yarn lockfile v1


"@babel/runtime@^7.9.2":
  version "7.14.0"
  resolved "https://registry.yarnpkg.com/@babel/runtime/-/runtime-7.14.0.tgz#46794bc20b612c5f75e62dd071e24dfd95f1cbe6"
  integrity sha512-JELkvo/DlpNdJ7dlyw/eY7E0suy5i5GQH+Vlxaq1nsNJ+H7f4Vtv3jMeCEgRhZZQFXTjldYfQgv2qmM6M1v5wA==
  dependencies:
    regenerator-runtime "^0.13.4"

"@fortawesome/fontawesome-free@^5.15.3":
  version "5.15.3"
  resolved "https://registry.yarnpkg.com/@fortawesome/fontawesome-free/-/fontawesome-free-5.15.3.tgz#c36ffa64a2a239bf948541a97b6ae8d729e09a9a"
  integrity sha512-rFnSUN/QOtnOAgqFRooTA3H57JLDm0QEG/jPdk+tLQNL/eWd+Aok8g3qCI+Q1xuDPWpGW/i9JySpJVsq8Q0s9w==

"@hotwired/turbo-rails@^7.0.0-beta.5":
  version "7.0.0-beta.5"
  resolved "https://registry.yarnpkg.com/@hotwired/turbo-rails/-/turbo-rails-7.0.0-beta.5.tgz#a0efdb7a20613845c43afe6f376b353e62f7e68d"
  integrity sha512-zj+ZYbs2IHeJHtLavcLX5K0oW/3K8s3zjok4lpujxqLactp3OpuqBZxKBr+tgODnAX/WYFoKLpzivyx3xVRfTw==
  dependencies:
    "@hotwired/turbo" "^7.0.0-beta.4"
    "@rails/actioncable" "^6.1.0"

"@hotwired/turbo@^7.0.0-beta.4":
  version "7.0.0-beta.5"
  resolved "https://registry.yarnpkg.com/@hotwired/turbo/-/turbo-7.0.0-beta.5.tgz#3167e8e882b9075c5b3b2e2f32432cca2862c61c"
  integrity sha512-z10dI2U/StkMSmnfJUsyez6jrhnitgzjyw2CxE3LnAAzW/TBhvsMYKsVG7Xu337r3gh0r6UwIFWyvvtm3in6gg==

"@rails/actioncable@^6.1.0":
  version "6.1.3"
  resolved "https://registry.yarnpkg.com/@rails/actioncable/-/actioncable-6.1.3.tgz#c8a67ec4d22ecd6931f7ebd98143fddbc815419a"
  integrity sha512-m02524MR9cTnUNfGz39Lkx9jVvuL0tle4O7YgvouJ7H83FILxzG1nQ5jw8pAjLAr9XQGu+P1sY4SKE3zyhCNjw==

"@rails/activestorage@^6.0.3-7":
  version "6.0.3-7"
  resolved "https://registry.yarnpkg.com/@rails/activestorage/-/activestorage-6.0.3-7.tgz#74995b47ac318225f08006722efca06b3a18c365"
  integrity sha512-CQvbACA/0oemv5U2AVg/HVKBFEe7rl3Tk1Nmh5HLfXbhWnIOsSYjplY52kkSd+I3DWS/QAL7eI/06eIRtND/0g==
  dependencies:
    spark-md5 "^3.0.0"

"@stimulus/core@^2.0.0":
  version "2.0.0"
  resolved "https://registry.yarnpkg.com/@stimulus/core/-/core-2.0.0.tgz#140c85318d6a8a8210c0faf182223b8459348877"
  integrity sha512-ff70GafKtzc8zQ1/cG+UvL06GcifPWovf2wBEdjLMh9xO2GOYURO3y2RYgzIGYUIBefQwyfX2CLfJdZFJrEPTw==
  dependencies:
    "@stimulus/mutation-observers" "^2.0.0"

"@stimulus/multimap@^2.0.0":
  version "2.0.0"
  resolved "https://registry.yarnpkg.com/@stimulus/multimap/-/multimap-2.0.0.tgz#420cfa096ed6538df4a91dbd2b2842c1779952b2"
  integrity sha512-pMBCewkZCFVB3e5mEMoyO9+9aKzHDITmf3OnPun51YWxlcPdHcwbjqm1ylK63fsoduIE+RowBpFwFqd3poEz4w==

"@stimulus/mutation-observers@^2.0.0":
  version "2.0.0"
  resolved "https://registry.yarnpkg.com/@stimulus/mutation-observers/-/mutation-observers-2.0.0.tgz#3dbe37453bda47a6c795a90204ee8d77a799fb87"
  integrity sha512-kx4VAJdPhIGBQKGIoUDC2tupEKorG3A+ckc2b1UiwInKTMAC1axOHU8ebcwhaJIxRqIrs8//4SJo9YAAOx6FEg==
  dependencies:
    "@stimulus/multimap" "^2.0.0"

"@stimulus/webpack-helpers@^2.0.0":
  version "2.0.0"
  resolved "https://registry.yarnpkg.com/@stimulus/webpack-helpers/-/webpack-helpers-2.0.0.tgz#54296d2a2dffd4f962d2e802d99a3fdd84b8845f"
  integrity sha512-D6tJWsAC024MwGEIKlUVYU8Ln87mlrmiwHvYAjipg+s8H4eLxUMQ3PZkWyPevfipH+oR3leuHsjYsK1gN5ViQA==

balajs@^0.1.9:
  version "0.1.9"
  resolved "https://registry.yarnpkg.com/balajs/-/balajs-0.1.9.tgz#e03d1e6fb88d53cc1a2591a7bfec70d1e52d8f00"
  integrity sha1-4D0eb7iNU8waJZGnv+xw0eUtjwA=

choices.js@^9.0.1:
  version "9.0.1"
  resolved "https://registry.yarnpkg.com/choices.js/-/choices.js-9.0.1.tgz#745fb29af8670428fdc0bf1cc9dfaa404e9d0510"
  integrity sha512-JgpeDY0Tmg7tqY6jaW/druSklJSt7W68tXFJIw0GSGWmO37SDAL8o60eICNGbzIODjj02VNNtf5h6TgoHDtCsA==
  dependencies:
    deepmerge "^4.2.0"
    fuse.js "^3.4.5"
    redux "^4.0.4"

deepmerge@^4.2.0:
  version "4.2.2"
  resolved "https://registry.yarnpkg.com/deepmerge/-/deepmerge-4.2.2.tgz#44d2ea3679b8f4d4ffba33f03d865fc1e7bf4955"
  integrity sha512-FJ3UgI4gIl+PHZm53knsuSFpE+nESMr7M4v9QcgB7S63Kj/6WqMiFQJpBBYz1Pt+66bZpP3Q7Lye0Oo9MPKEdg==

element-closest@^2.0.1:
  version "2.0.2"
  resolved "https://registry.yarnpkg.com/element-closest/-/element-closest-2.0.2.tgz#72a740a107453382e28df9ce5dbb5a8df0f966ec"
  integrity sha1-cqdAoQdFM4LijfnOXbtajfD5Zuw=

fuse.js@^3.4.5:
  version "3.6.1"
  resolved "https://registry.yarnpkg.com/fuse.js/-/fuse.js-3.6.1.tgz#7de85fdd6e1b3377c23ce010892656385fd9b10c"
  integrity sha512-hT9yh/tiinkmirKrlv4KWOjztdoZo1mx9Qh4KvWqC7isoXwdUY3PNWUxceF4/qO9R6riA2C29jdTOeQOIROjgw==

moment@^2.29.1:
  version "2.29.1"
  resolved "https://registry.yarnpkg.com/moment/-/moment-2.29.1.tgz#b2be769fa31940be9eeea6469c075e35006fa3d3"
  integrity sha512-kHmoybcPV8Sqy59DwNDY3Jefr64lK/by/da0ViFcuA4DH0vQg5Q6Ze5VimxkfQNSC+Mls/Kx53s7TjP1RhFEDQ==

object-assign@^4.1.0:
  version "4.1.1"
  resolved "https://registry.yarnpkg.com/object-assign/-/object-assign-4.1.1.tgz#2109adc7965887cfc05cbbd442cac8bfbb360863"
  integrity sha1-IQmtx5ZYh8/AXLvUQsrIv7s2CGM=

redux@^4.0.4:
  version "4.1.0"
  resolved "https://registry.yarnpkg.com/redux/-/redux-4.1.0.tgz#eb049679f2f523c379f1aff345c8612f294c88d4"
  integrity sha512-uI2dQN43zqLWCt6B/BMGRMY6db7TTY4qeHHfGeKb3EOhmOKjU3KdWvNLJyqaHRksv/ErdNH7cFZWg9jXtewy4g==
  dependencies:
    "@babel/runtime" "^7.9.2"

regenerator-runtime@^0.13.4:
  version "0.13.7"
  resolved "https://registry.yarnpkg.com/regenerator-runtime/-/regenerator-runtime-0.13.7.tgz#cac2dacc8a1ea675feaabaeb8ae833898ae46f55"
  integrity sha512-a54FxoJDIr27pgf7IgeQGxmqUNYrcV338lf/6gH456HZ/PhX+5BcwHXG9ajESmwe6WRO0tAzRUrRmNONWgkrew==

sortablejs@^1.13.0:
  version "1.13.0"
  resolved "https://registry.yarnpkg.com/sortablejs/-/sortablejs-1.13.0.tgz#3ab2473f8c69ca63569e80b1cd1b5669b51269e9"
  integrity sha512-RBJirPY0spWCrU5yCmWM1eFs/XgX2J5c6b275/YyxFRgnzPhKl/TDeU2hNR8Dt7ITq66NRPM4UlOt+e5O4CFHg==

spark-md5@^3.0.0:
  version "3.0.1"
  resolved "https://registry.yarnpkg.com/spark-md5/-/spark-md5-3.0.1.tgz#83a0e255734f2ab4e5c466e5a2cfc9ba2aa2124d"
  integrity sha512-0tF3AGSD1ppQeuffsLDIOWlKUd3lS92tFxcsrh5Pe3ZphhnoK+oXIBTzOAThZCiuINZLvpiLH/1VS1/ANEJVig==

stickybits@^3.7.9:
  version "3.7.9"
  resolved "https://registry.yarnpkg.com/stickybits/-/stickybits-3.7.9.tgz#0e469ffb960e1e661bd308ba4da370dc439902bf"
  integrity sha512-wSEH/RO0TPIeI1rYI6p3Hv9FFSKr6+58Ru4xyYbEgd4PfE1r3TGgbYUWvW6SwnfoRY3DMDLxOuvUoW+8LWblQQ==

stimulus@^2.0.0:
  version "2.0.0"
  resolved "https://registry.yarnpkg.com/stimulus/-/stimulus-2.0.0.tgz#713c8b91a72ef90914b90955f0e705f004403047"
  integrity sha512-xipy7BS5TVpg4fX6S8LhrYZp7cmHGjmk09WSAiVx1gF5S5g43IWsuetfUhIk8HfHUG+4MQ9nY0FQz4dRFLs/8w==
  dependencies:
    "@stimulus/core" "^2.0.0"
    "@stimulus/webpack-helpers" "^2.0.0"

weui.js@^1.2.2:
  version "1.2.2"
  resolved "https://registry.yarnpkg.com/weui.js/-/weui.js-1.2.2.tgz#bb8e37dce53b3132a2cc1a44d046f5e501df3530"
  integrity sha512-Ii2YL6PKv+nF8fS7NdDQXmkSoqTLem/y5AQReHpQjKSY44DjGMKJ/9yEEoQiNaTEuArfh2omKfXM8LoU2/WRMw==
  dependencies:
    balajs "^0.1.9"
    element-closest "^2.0.1"
    object-assign "^4.1.0"

weui@^2.4.4:
  version "2.4.4"
  resolved "https://registry.yarnpkg.com/weui/-/weui-2.4.4.tgz#b8204ea420844eccc52fc0de8e50617091ce702a"
  integrity sha512-rqxKAFaDBKkF6H1GzumDR/CLcGBxCzOZ1KUIXqOieZ316wbaxojgs/j1w9RrsjkCdH6zL1kLnr/elsDKB9pMdg==
